
Microsoft Visual Studio Solution File, Format Version 12.00
# Visual Studio Version 16
VisualStudioVersion = 16.0.31105.61
MinimumVisualStudioVersion = 10.0.40219.1
Project("{FAE04EC0-301F-11D3-BF4B-00C04F79EFBC}") = "Dice", "Dice\Dice.csproj", "{41993652-86E1-4EC5-BA85-FDCA9CCA26C3}"
EndProject
Project("{FAE04EC0-301F-11D3-BF4B-00C04F79EFBC}") = "Dice.Tests", "Dice.Tests\Dice.Tests.csproj", "{42DD46C8-86DB-491E-B34D-BA767AC379E1}"
EndProject
Global
	GlobalSection(SolutionConfigurationPlatforms) = preSolution
		Debug|Any CPU = Debug|Any CPU
		Release|Any CPU = Release|Any CPU
	EndGlobalSection
	GlobalSection(ProjectConfigurationPlatforms) = postSolution
		{41993652-86E1-4EC5-BA85-FDCA9CCA26C3}.Debug|Any CPU.ActiveCfg = Debug|Any CPU
		{41993652-86E1-4EC5-BA85-FDCA9CCA26C3}.Debug|Any CPU.Build.0 = Debug|Any CPU
		{41993652-86E1-4EC5-BA85-FDCA9CCA26C3}.Release|Any CPU.ActiveCfg = Release|Any CPU
		{41993652-86E1-4EC5-BA85-FDCA9CCA26C3}.Release|Any CPU.Build.0 = Release|Any CPU
		{42DD46C8-86DB-491E-B34D-BA767AC379E1}.Debug|Any CPU.ActiveCfg = Debug|Any CPU
		{42DD46C8-86DB-491E-B34D-BA767AC379E1}.Debug|Any CPU.Build.0 = Debug|Any CPU
		{42DD46C8-86DB-491E-B34D-BA767AC379E1}.Release|Any CPU.ActiveCfg = Release|Any CPU
		{42DD46C8-86DB-491E-B34D-BA767AC379E1}.Release|Any CPU.Build.0 = Release|Any CPU
	EndGlobalSection
	GlobalSection(SolutionProperties) = preSolution
		HideSolutionNode = FALSE
	EndGlobalSection
	GlobalSection(ExtensibilityGlobals) = postSolution
		SolutionGuid = {3879D361-5E6C-4AE0-A4D1-74F2663A7630}
	EndGlobalSection
EndGlobal
